
Microsoft Visual Studio Solution File, Format Version 12.00
# Visual Studio Version 17
VisualStudioVersion = 17.5.33424.131
MinimumVisualStudioVersion = 10.0.40219.1
Project("{FAE04EC0-301F-11D3-BF4B-00C04F79EFBC}") = "W10Ordibehesht", "W10Ordibehesht\W10Ordibehesht.csproj", "{28631C3F-6B4A-4879-8BF7-6118FBFBB4BC}"
EndProject
Global
	GlobalSection(SolutionConfigurationPlatforms) = preSolution
		Debug|Any CPU = Debug|Any CPU
		Release|Any CPU = Release|Any CPU
	EndGlobalSection
	GlobalSection(ProjectConfigurationPlatforms) = postSolution
		{28631C3F-6B4A-4879-8BF7-6118FBFBB4BC}.Debug|Any CPU.ActiveCfg = Debug|Any CPU
		{28631C3F-6B4A-4879-8BF7-6118FBFBB4BC}.Debug|Any CPU.Build.0 = Debug|Any CPU
		{28631C3F-6B4A-4879-8BF7-6118FBFBB4BC}.Release|Any CPU.ActiveCfg = Release|Any CPU
		{28631C3F-6B4A-4879-8BF7-6118FBFBB4BC}.Release|Any CPU.Build.0 = Release|Any CPU
	EndGlobalSection
	GlobalSection(SolutionProperties) = preSolution
		HideSolutionNode = FALSE
	EndGlobalSection
	GlobalSection(ExtensibilityGlobals) = postSolution
		SolutionGuid = {8173B67B-E41D-493F-8754-2D666ADA4F36}
	EndGlobalSection
EndGlobal
